Microsoft Visual Studio Solution File, Format Version 12.00
# Visual Studio Version 17
VisualStudioVersion = 17.8.0.0
MinimumVisualStudioVersion = 17.8.0.0
Project("{9A19103F-16F7-4668-BE54-9A1E7A4F7556}") = "MiAppAspire.AppHost", "MiAppAspire.AppHost\MiAppAspire.AppHost.csproj", "{FF9F74DF-3625-44B5-8E26-EC34AE507299}"
EndProject
Project("{9A19103F-16F7-4668-BE54-9A1E7A4F7556}") = "MiAppAspire.ServiceDefaults", "MiAppAspire.ServiceDefaults\MiAppAspire.ServiceDefaults.csproj", "{7657F4F6-9A3C-4BEA-92BA-D141763A88FA}"
EndProject
Project("{9A19103F-16F7-4668-BE54-9A1E7A4F7556}") = "MiAppAspire.ApiService", "MiAppAspire.ApiService\MiAppAspire.ApiService.csproj", "{554CFF6A-8BBB-48D9-84E1-C5B19F027364}"
EndProject
Project("{9A19103F-16F7-4668-BE54-9A1E7A4F7556}") = "MiAppAspire.Web", "MiAppAspire.Web\MiAppAspire.Web.csproj", "{D863B6BC-F175-46EE-8760-D671266913C8}"
EndProject
Global
	GlobalSection(SolutionConfigurationPlatforms) = preSolution
		Debug|Any CPU = Debug|Any CPU
		Release|Any CPU = Release|Any CPU
	EndGlobalSection
	GlobalSection(ProjectConfigurationPlatforms) = postSolution
		{FF9F74DF-3625-44B5-8E26-EC34AE507299}.Debug|Any CPU.ActiveCfg = Debug|Any CPU
		{FF9F74DF-3625-44B5-8E26-EC34AE507299}.Debug|Any CPU.Build.0 = Debug|Any CPU
		{FF9F74DF-3625-44B5-8E26-EC34AE507299}.Release|Any CPU.ActiveCfg = Release|Any CPU
		{FF9F74DF-3625-44B5-8E26-EC34AE507299}.Release|Any CPU.Build.0 = Release|Any CPU
		{7657F4F6-9A3C-4BEA-92BA-D141763A88FA}.Debug|Any CPU.ActiveCfg = Debug|Any CPU
		{7657F4F6-9A3C-4BEA-92BA-D141763A88FA}.Debug|Any CPU.Build.0 = Debug|Any CPU
		{7657F4F6-9A3C-4BEA-92BA-D141763A88FA}.Release|Any CPU.ActiveCfg = Release|Any CPU
		{7657F4F6-9A3C-4BEA-92BA-D141763A88FA}.Release|Any CPU.Build.0 = Release|Any CPU
		{554CFF6A-8BBB-48D9-84E1-C5B19F027364}.Debug|Any CPU.ActiveCfg = Debug|Any CPU
		{554CFF6A-8BBB-48D9-84E1-C5B19F027364}.Debug|Any CPU.Build.0 = Debug|Any CPU
		{554CFF6A-8BBB-48D9-84E1-C5B19F027364}.Release|Any CPU.ActiveCfg = Release|Any CPU
		{554CFF6A-8BBB-48D9-84E1-C5B19F027364}.Release|Any CPU.Build.0 = Release|Any CPU
		{D863B6BC-F175-46EE-8760-D671266913C8}.Debug|Any CPU.ActiveCfg = Debug|Any CPU
		{D863B6BC-F175-46EE-8760-D671266913C8}.Debug|Any CPU.Build.0 = Debug|Any CPU
		{D863B6BC-F175-46EE-8760-D671266913C8}.Release|Any CPU.ActiveCfg = Release|Any CPU
		{D863B6BC-F175-46EE-8760-D671266913C8}.Release|Any CPU.Build.0 = Release|Any CPU
	EndGlobalSection
	GlobalSection(SolutionProperties) = preSolution
		HideSolutionNode = FALSE
	EndGlobalSection
	GlobalSection(ExtensibilityGlobals) = postSolution
		SolutionGuid = {4D579964-B47E-4A7E-BF03-8C7A67BEA030}
	EndGlobalSection
EndGlobal
